
Microsoft Visual Studio Solution File, Format Version 12.00
# Visual Studio 15
VisualStudioVersion = 15.0.26124.0
MinimumVisualStudioVersion = 15.0.26124.0
Project("{2150E333-8FDC-42A3-9474-1A3956D46DE8}") = "DataModels", "DataModels", "{B7715E9B-7D62-4150-8138-87E6F641CABE}"
EndProject
Project("{FAE04EC0-301F-11D3-BF4B-00C04F79EFBC}") = "RegEx.Video.Models", "DataModels\RegEx.Video.Models\RegEx.Video.Models.csproj", "{D1862B0D-F5D0-41C9-B16F-73CB79CA5C32}"
EndProject
Project("{2150E333-8FDC-42A3-9474-1A3956D46DE8}") = "Job", "Job", "{9407914D-1974-4E06-97A3-E193A416A333}"
EndProject
Project("{FAE04EC0-301F-11D3-BF4B-00C04F79EFBC}") = "RegEx.Video.JobRunner", "Job\RegEx.Video.JobRunner\RegEx.Video.JobRunner.csproj", "{A36E6604-55AD-4EF6-BA25-EAE94BCCA5EC}"
EndProject
Project("{FAE04EC0-301F-11D3-BF4B-00C04F79EFBC}") = "RegEx.Video.JobRunner.Tests", "Job\RegEx.Video.JobRunner.Tests\RegEx.Video.JobRunner.Tests.csproj", "{A5435B3D-3F96-446E-986B-BA3E9A10789C}"
EndProject
Project("{2150E333-8FDC-42A3-9474-1A3956D46DE8}") = "Web", "Web", "{4ABB86FC-9265-41BB-A9F9-5E0BC84436AD}"
EndProject
Project("{FAE04EC0-301F-11D3-BF4B-00C04F79EFBC}") = "RegEx.Video", "Web\RegEx.Video\RegEx.Video.csproj", "{8585C133-35C4-4BCD-AB8E-595AFCE15FE2}"
EndProject
Global
	GlobalSection(SolutionConfigurationPlatforms) = preSolution
		Debug|Any CPU = Debug|Any CPU
		Debug|x64 = Debug|x64
		Debug|x86 = Debug|x86
		Release|Any CPU = Release|Any CPU
		Release|x64 = Release|x64
		Release|x86 = Release|x86
	EndGlobalSection
	GlobalSection(SolutionProperties) = preSolution
		HideSolutionNode = FALSE
	EndGlobalSection
	GlobalSection(ProjectConfigurationPlatforms) = postSolution
		{D1862B0D-F5D0-41C9-B16F-73CB79CA5C32}.Debug|Any CPU.ActiveCfg = Debug|Any CPU
		{D1862B0D-F5D0-41C9-B16F-73CB79CA5C32}.Debug|Any CPU.Build.0 = Debug|Any CPU
		{D1862B0D-F5D0-41C9-B16F-73CB79CA5C32}.Debug|x64.ActiveCfg = Debug|Any CPU
		{D1862B0D-F5D0-41C9-B16F-73CB79CA5C32}.Debug|x64.Build.0 = Debug|Any CPU
		{D1862B0D-F5D0-41C9-B16F-73CB79CA5C32}.Debug|x86.ActiveCfg = Debug|Any CPU
		{D1862B0D-F5D0-41C9-B16F-73CB79CA5C32}.Debug|x86.Build.0 = Debug|Any CPU
		{D1862B0D-F5D0-41C9-B16F-73CB79CA5C32}.Release|Any CPU.ActiveCfg = Release|Any CPU
		{D1862B0D-F5D0-41C9-B16F-73CB79CA5C32}.Release|Any CPU.Build.0 = Release|Any CPU
		{D1862B0D-F5D0-41C9-B16F-73CB79CA5C32}.Release|x64.ActiveCfg = Release|Any CPU
		{D1862B0D-F5D0-41C9-B16F-73CB79CA5C32}.Release|x64.Build.0 = Release|Any CPU
		{D1862B0D-F5D0-41C9-B16F-73CB79CA5C32}.Release|x86.ActiveCfg = Release|Any CPU
		{D1862B0D-F5D0-41C9-B16F-73CB79CA5C32}.Release|x86.Build.0 = Release|Any CPU
		{A36E6604-55AD-4EF6-BA25-EAE94BCCA5EC}.Debug|Any CPU.ActiveCfg = Debug|Any CPU
		{A36E6604-55AD-4EF6-BA25-EAE94BCCA5EC}.Debug|Any CPU.Build.0 = Debug|Any CPU
		{A36E6604-55AD-4EF6-BA25-EAE94BCCA5EC}.Debug|x64.ActiveCfg = Debug|Any CPU
		{A36E6604-55AD-4EF6-BA25-EAE94BCCA5EC}.Debug|x64.Build.0 = Debug|Any CPU
		{A36E6604-55AD-4EF6-BA25-EAE94BCCA5EC}.Debug|x86.ActiveCfg = Debug|Any CPU
		{A36E6604-55AD-4EF6-BA25-EAE94BCCA5EC}.Debug|x86.Build.0 = Debug|Any CPU
		{A36E6604-55AD-4EF6-BA25-EAE94BCCA5EC}.Release|Any CPU.ActiveCfg = Release|Any CPU
		{A36E6604-55AD-4EF6-BA25-EAE94BCCA5EC}.Release|Any CPU.Build.0 = Release|Any CPU
		{A36E6604-55AD-4EF6-BA25-EAE94BCCA5EC}.Release|x64.ActiveCfg = Release|Any CPU
		{A36E6604-55AD-4EF6-BA25-EAE94BCCA5EC}.Release|x64.Build.0 = Release|Any CPU
		{A36E6604-55AD-4EF6-BA25-EAE94BCCA5EC}.Release|x86.ActiveCfg = Release|Any CPU
		{A36E6604-55AD-4EF6-BA25-EAE94BCCA5EC}.Release|x86.Build.0 = Release|Any CPU
		{A5435B3D-3F96-446E-986B-BA3E9A10789C}.Debug|Any CPU.ActiveCfg = Debug|Any CPU
		{A5435B3D-3F96-446E-986B-BA3E9A10789C}.Debug|Any CPU.Build.0 = Debug|Any CPU
		{A5435B3D-3F96-446E-986B-BA3E9A10789C}.Debug|x64.ActiveCfg = Debug|Any CPU
		{A5435B3D-3F96-446E-986B-BA3E9A10789C}.Debug|x64.Build.0 = Debug|Any CPU
		{A5435B3D-3F96-446E-986B-BA3E9A10789C}.Debug|x86.ActiveCfg = Debug|Any CPU
		{A5435B3D-3F96-446E-986B-BA3E9A10789C}.Debug|x86.Build.0 = Debug|Any CPU
		{A5435B3D-3F96-446E-986B-BA3E9A10789C}.Release|Any CPU.ActiveCfg = Release|Any CPU
		{A5435B3D-3F96-446E-986B-BA3E9A10789C}.Release|Any CPU.Build.0 = Release|Any CPU
		{A5435B3D-3F96-446E-986B-BA3E9A10789C}.Release|x64.ActiveCfg = Release|Any CPU
		{A5435B3D-3F96-446E-986B-BA3E9A10789C}.Release|x64.Build.0 = Release|Any CPU
		{A5435B3D-3F96-446E-986B-BA3E9A10789C}.Release|x86.ActiveCfg = Release|Any CPU
		{A5435B3D-3F96-446E-986B-BA3E9A10789C}.Release|x86.Build.0 = Release|Any CPU
		{8585C133-35C4-4BCD-AB8E-595AFCE15FE2}.Debug|Any CPU.ActiveCfg = Debug|Any CPU
		{8585C133-35C4-4BCD-AB8E-595AFCE15FE2}.Debug|Any CPU.Build.0 = Debug|Any CPU
		{8585C133-35C4-4BCD-AB8E-595AFCE15FE2}.Debug|x64.ActiveCfg = Debug|Any CPU
		{8585C133-35C4-4BCD-AB8E-595AFCE15FE2}.Debug|x64.Build.0 = Debug|Any CPU
		{8585C133-35C4-4BCD-AB8E-595AFCE15FE2}.Debug|x86.ActiveCfg = Debug|Any CPU
		{8585C133-35C4-4BCD-AB8E-595AFCE15FE2}.Debug|x86.Build.0 = Debug|Any CPU
		{8585C133-35C4-4BCD-AB8E-595AFCE15FE2}.Release|Any CPU.ActiveCfg = Release|Any CPU
		{8585C133-35C4-4BCD-AB8E-595AFCE15FE2}.Release|Any CPU.Build.0 = Release|Any CPU
		{8585C133-35C4-4BCD-AB8E-595AFCE15FE2}.Release|x64.ActiveCfg = Release|Any CPU
		{8585C133-35C4-4BCD-AB8E-595AFCE15FE2}.Release|x64.Build.0 = Release|Any CPU
		{8585C133-35C4-4BCD-AB8E-595AFCE15FE2}.Release|x86.ActiveCfg = Release|Any CPU
		{8585C133-35C4-4BCD-AB8E-595AFCE15FE2}.Release|x86.Build.0 = Release|Any CPU
	EndGlobalSection
	GlobalSection(NestedProjects) = preSolution
		{D1862B0D-F5D0-41C9-B16F-73CB79CA5C32} = {B7715E9B-7D62-4150-8138-87E6F641CABE}
		{A36E6604-55AD-4EF6-BA25-EAE94BCCA5EC} = {9407914D-1974-4E06-97A3-E193A416A333}
		{A5435B3D-3F96-446E-986B-BA3E9A10789C} = {9407914D-1974-4E06-97A3-E193A416A333}
		{8585C133-35C4-4BCD-AB8E-595AFCE15FE2} = {4ABB86FC-9265-41BB-A9F9-5E0BC84436AD}
	EndGlobalSection
EndGlobal
